
Microsoft Visual Studio Solution File, Format Version 12.00
# Visual Studio Version 17
VisualStudioVersion = 17.5.33516.290
MinimumVisualStudioVersion = 10.0.40219.1
Project("{FAE04EC0-301F-11D3-BF4B-00C04F79EFBC}") = "UniversityEnrollment", "UniversityEnrollment.csproj", "{A8B4A658-E448-4209-9435-5E5ABA6A1289}"
EndProject
Global
	GlobalSection(SolutionConfigurationPlatforms) = preSolution
		Debug|Any CPU = Debug|Any CPU
		Release|Any CPU = Release|Any CPU
	EndGlobalSection
	GlobalSection(ProjectConfigurationPlatforms) = postSolution
		{A8B4A658-E448-4209-9435-5E5ABA6A1289}.Debug|Any CPU.ActiveCfg = Debug|Any CPU
		{A8B4A658-E448-4209-9435-5E5ABA6A1289}.Debug|Any CPU.Build.0 = Debug|Any CPU
		{A8B4A658-E448-4209-9435-5E5ABA6A1289}.Release|Any CPU.ActiveCfg = Release|Any CPU
		{A8B4A658-E448-4209-9435-5E5ABA6A1289}.Release|Any CPU.Build.0 = Release|Any CPU
	EndGlobalSection
	GlobalSection(SolutionProperties) = preSolution
		HideSolutionNode = FALSE
	EndGlobalSection
	GlobalSection(ExtensibilityGlobals) = postSolution
		SolutionGuid = {1D57B3E3-0F13-473A-911B-5B8CA7165899}
	EndGlobalSection
EndGlobal
